
Microsoft Visual Studio Solution File, Format Version 12.00
# Visual Studio Version 17
VisualStudioVersion = 17.9.34622.214
MinimumVisualStudioVersion = 10.0.40219.1
Project("{9A19103F-16F7-4668-BE54-9A1E7A4F7556}") = "AviasalesApi", "AviasalesApi\AviasalesApi.csproj", "{D55A9A66-918C-46F2-8405-56789C34BA9F}"
EndProject
Project("{E53339B2-1760-4266-BCC7-CA923CBCF16C}") = "docker-compose", "docker-compose.dcproj", "{18C7AC07-A428-46F3-9A82-833C7E41F29C}"
EndProject
Global
	GlobalSection(SolutionConfigurationPlatforms) = preSolution
		Debug|Any CPU = Debug|Any CPU
		Release|Any CPU = Release|Any CPU
	EndGlobalSection
	GlobalSection(ProjectConfigurationPlatforms) = postSolution
		{D55A9A66-918C-46F2-8405-56789C34BA9F}.Debug|Any CPU.ActiveCfg = Debug|Any CPU
		{D55A9A66-918C-46F2-8405-56789C34BA9F}.Debug|Any CPU.Build.0 = Debug|Any CPU
		{D55A9A66-918C-46F2-8405-56789C34BA9F}.Release|Any CPU.ActiveCfg = Release|Any CPU
		{D55A9A66-918C-46F2-8405-56789C34BA9F}.Release|Any CPU.Build.0 = Release|Any CPU
		{18C7AC07-A428-46F3-9A82-833C7E41F29C}.Debug|Any CPU.ActiveCfg = Debug|Any CPU
		{18C7AC07-A428-46F3-9A82-833C7E41F29C}.Debug|Any CPU.Build.0 = Debug|Any CPU
		{18C7AC07-A428-46F3-9A82-833C7E41F29C}.Release|Any CPU.ActiveCfg = Release|Any CPU
		{18C7AC07-A428-46F3-9A82-833C7E41F29C}.Release|Any CPU.Build.0 = Release|Any CPU
	EndGlobalSection
	GlobalSection(SolutionProperties) = preSolution
		HideSolutionNode = FALSE
	EndGlobalSection
	GlobalSection(ExtensibilityGlobals) = postSolution
		SolutionGuid = {EBDED3C2-7DCC-4008-8C3D-D44D5943CA34}
	EndGlobalSection
EndGlobal
